
Microsoft Visual Studio Solution File, Format Version 12.00
# Visual Studio 14
VisualStudioVersion = 14.0.25420.1
MinimumVisualStudioVersion = 10.0.40219.1
Project("{FAE04EC0-301F-11D3-BF4B-00C04F79EFBC}") = "GitHubApp", "GitHubApp\GitHubApp.csproj", "{91770178-A941-4D21-BD22-2AAC4550B72A}"
EndProject
Project("{FAE04EC0-301F-11D3-BF4B-00C04F79EFBC}") = "Shared", "Shared\Shared.csproj", "{E597AD3C-DA0E-4701-9EB5-7644CDC1838D}"
EndProject
Global
	GlobalSection(SolutionConfigurationPlatforms) = preSolution
		Ad-Hoc|Any CPU = Ad-Hoc|Any CPU
		Ad-Hoc|iPhone = Ad-Hoc|iPhone
		Ad-Hoc|iPhoneSimulator = Ad-Hoc|iPhoneSimulator
		AppStore|Any CPU = AppStore|Any CPU
		AppStore|iPhone = AppStore|iPhone
		AppStore|iPhoneSimulator = AppStore|iPhoneSimulator
		Debug|Any CPU = Debug|Any CPU
		Debug|iPhone = Debug|iPhone
		Debug|iPhoneSimulator = Debug|iPhoneSimulator
		Release|Any CPU = Release|Any CPU
		Release|iPhone = Release|iPhone
		Release|iPhoneSimulator = Release|iPhoneSimulator
	EndGlobalSection
	GlobalSection(ProjectConfigurationPlatforms) = postSolution
		{91770178-A941-4D21-BD22-2AAC4550B72A}.Ad-Hoc|Any CPU.ActiveCfg = Release|Any CPU
		{91770178-A941-4D21-BD22-2AAC4550B72A}.Ad-Hoc|Any CPU.Build.0 = Release|Any CPU
		{91770178-A941-4D21-BD22-2AAC4550B72A}.Ad-Hoc|Any CPU.Deploy.0 = Release|Any CPU
		{91770178-A941-4D21-BD22-2AAC4550B72A}.Ad-Hoc|iPhone.ActiveCfg = Release|Any CPU
		{91770178-A941-4D21-BD22-2AAC4550B72A}.Ad-Hoc|iPhone.Build.0 = Release|Any CPU
		{91770178-A941-4D21-BD22-2AAC4550B72A}.Ad-Hoc|iPhone.Deploy.0 = Release|Any CPU
		{91770178-A941-4D21-BD22-2AAC4550B72A}.Ad-Hoc|iPhoneSimulator.ActiveCfg = Release|Any CPU
		{91770178-A941-4D21-BD22-2AAC4550B72A}.Ad-Hoc|iPhoneSimulator.Build.0 = Release|Any CPU
		{91770178-A941-4D21-BD22-2AAC4550B72A}.Ad-Hoc|iPhoneSimulator.Deploy.0 = Release|Any CPU
		{91770178-A941-4D21-BD22-2AAC4550B72A}.AppStore|Any CPU.ActiveCfg = Release|Any CPU
		{91770178-A941-4D21-BD22-2AAC4550B72A}.AppStore|Any CPU.Build.0 = Release|Any CPU
		{91770178-A941-4D21-BD22-2AAC4550B72A}.AppStore|Any CPU.Deploy.0 = Release|Any CPU
		{91770178-A941-4D21-BD22-2AAC4550B72A}.AppStore|iPhone.ActiveCfg = Release|Any CPU
		{91770178-A941-4D21-BD22-2AAC4550B72A}.AppStore|iPhone.Build.0 = Release|Any CPU
		{91770178-A941-4D21-BD22-2AAC4550B72A}.AppStore|iPhone.Deploy.0 = Release|Any CPU
		{91770178-A941-4D21-BD22-2AAC4550B72A}.AppStore|iPhoneSimulator.ActiveCfg = Release|Any CPU
		{91770178-A941-4D21-BD22-2AAC4550B72A}.AppStore|iPhoneSimulator.Build.0 = Release|Any CPU
		{91770178-A941-4D21-BD22-2AAC4550B72A}.AppStore|iPhoneSimulator.Deploy.0 = Release|Any CPU
		{91770178-A941-4D21-BD22-2AAC4550B72A}.Debug|Any CPU.ActiveCfg = Debug|Any CPU
		{91770178-A941-4D21-BD22-2AAC4550B72A}.Debug|Any CPU.Build.0 = Debug|Any CPU
		{91770178-A941-4D21-BD22-2AAC4550B72A}.Debug|Any CPU.Deploy.0 = Debug|Any CPU
		{91770178-A941-4D21-BD22-2AAC4550B72A}.Debug|iPhone.ActiveCfg = Debug|Any CPU
		{91770178-A941-4D21-BD22-2AAC4550B72A}.Debug|iPhone.Build.0 = Debug|Any CPU
		{91770178-A941-4D21-BD22-2AAC4550B72A}.Debug|iPhone.Deploy.0 = Debug|Any CPU
		{91770178-A941-4D21-BD22-2AAC4550B72A}.Debug|iPhoneSimulator.ActiveCfg = Debug|Any CPU
		{91770178-A941-4D21-BD22-2AAC4550B72A}.Debug|iPhoneSimulator.Build.0 = Debug|Any CPU
		{91770178-A941-4D21-BD22-2AAC4550B72A}.Debug|iPhoneSimulator.Deploy.0 = Debug|Any CPU
		{91770178-A941-4D21-BD22-2AAC4550B72A}.Release|Any CPU.ActiveCfg = Release|Any CPU
		{91770178-A941-4D21-BD22-2AAC4550B72A}.Release|Any CPU.Build.0 = Release|Any CPU
		{91770178-A941-4D21-BD22-2AAC4550B72A}.Release|Any CPU.Deploy.0 = Release|Any CPU
		{91770178-A941-4D21-BD22-2AAC4550B72A}.Release|iPhone.ActiveCfg = Release|Any CPU
		{91770178-A941-4D21-BD22-2AAC4550B72A}.Release|iPhone.Build.0 = Release|Any CPU
		{91770178-A941-4D21-BD22-2AAC4550B72A}.Release|iPhone.Deploy.0 = Release|Any CPU
		{91770178-A941-4D21-BD22-2AAC4550B72A}.Release|iPhoneSimulator.ActiveCfg = Release|Any CPU
		{91770178-A941-4D21-BD22-2AAC4550B72A}.Release|iPhoneSimulator.Build.0 = Release|Any CPU
		{91770178-A941-4D21-BD22-2AAC4550B72A}.Release|iPhoneSimulator.Deploy.0 = Release|Any CPU
		{E597AD3C-DA0E-4701-9EB5-7644CDC1838D}.Ad-Hoc|Any CPU.ActiveCfg = Release|Any CPU
		{E597AD3C-DA0E-4701-9EB5-7644CDC1838D}.Ad-Hoc|Any CPU.Build.0 = Release|Any CPU
		{E597AD3C-DA0E-4701-9EB5-7644CDC1838D}.Ad-Hoc|iPhone.ActiveCfg = Release|Any CPU
		{E597AD3C-DA0E-4701-9EB5-7644CDC1838D}.Ad-Hoc|iPhone.Build.0 = Release|Any CPU
		{E597AD3C-DA0E-4701-9EB5-7644CDC1838D}.Ad-Hoc|iPhoneSimulator.ActiveCfg = Release|Any CPU
		{E597AD3C-DA0E-4701-9EB5-7644CDC1838D}.Ad-Hoc|iPhoneSimulator.Build.0 = Release|Any CPU
		{E597AD3C-DA0E-4701-9EB5-7644CDC1838D}.AppStore|Any CPU.ActiveCfg = Release|Any CPU
		{E597AD3C-DA0E-4701-9EB5-7644CDC1838D}.AppStore|Any CPU.Build.0 = Release|Any CPU
		{E597AD3C-DA0E-4701-9EB5-7644CDC1838D}.AppStore|iPhone.ActiveCfg = Release|Any CPU
		{E597AD3C-DA0E-4701-9EB5-7644CDC1838D}.AppStore|iPhone.Build.0 = Release|Any CPU
		{E597AD3C-DA0E-4701-9EB5-7644CDC1838D}.AppStore|iPhoneSimulator.ActiveCfg = Release|Any CPU
		{E597AD3C-DA0E-4701-9EB5-7644CDC1838D}.AppStore|iPhoneSimulator.Build.0 = Release|Any CPU
		{E597AD3C-DA0E-4701-9EB5-7644CDC1838D}.Debug|Any CPU.ActiveCfg = Debug|Any CPU
		{E597AD3C-DA0E-4701-9EB5-7644CDC1838D}.Debug|Any CPU.Build.0 = Debug|Any CPU
		{E597AD3C-DA0E-4701-9EB5-7644CDC1838D}.Debug|iPhone.ActiveCfg = Debug|Any CPU
		{E597AD3C-DA0E-4701-9EB5-7644CDC1838D}.Debug|iPhone.Build.0 = Debug|Any CPU
		{E597AD3C-DA0E-4701-9EB5-7644CDC1838D}.Debug|iPhoneSimulator.ActiveCfg = Debug|Any CPU
		{E597AD3C-DA0E-4701-9EB5-7644CDC1838D}.Debug|iPhoneSimulator.Build.0 = Debug|Any CPU
		{E597AD3C-DA0E-4701-9EB5-7644CDC1838D}.Release|Any CPU.ActiveCfg = Release|Any CPU
		{E597AD3C-DA0E-4701-9EB5-7644CDC1838D}.Release|Any CPU.Build.0 = Release|Any CPU
		{E597AD3C-DA0E-4701-9EB5-7644CDC1838D}.Release|iPhone.ActiveCfg = Release|Any CPU
		{E597AD3C-DA0E-4701-9EB5-7644CDC1838D}.Release|iPhone.Build.0 = Release|Any CPU
		{E597AD3C-DA0E-4701-9EB5-7644CDC1838D}.Release|iPhoneSimulator.ActiveCfg = Release|Any CPU
		{E597AD3C-DA0E-4701-9EB5-7644CDC1838D}.Release|iPhoneSimulator.Build.0 = Release|Any CPU
	EndGlobalSection
	GlobalSection(SolutionProperties) = preSolution
		HideSolutionNode = FALSE
	EndGlobalSection
EndGlobal
